<Project xmlns="http://schemas.microsoft.com/developer/msbuild/2003">
    <PropertyGroup>
        <Base>True</Base>
        <AppType>Package</AppType>
        <Config Condition="'$(Config)'==''">Release</Config>
        <DCC_DCCCompiler>DCC32</DCC_DCCCompiler>
        <FrameworkType>None</FrameworkType>
        <MainSource>AbbreviaD.dpk</MainSource>
        <Platform Condition="'$(Platform)'==''">Win32</Platform>
        <ProjectGuid>{F41FD54F-C677-468D-B2F6-F7DEE8EEF36C}</ProjectGuid>
        <ProjectVersion>18.8</ProjectVersion>
        <TargetedPlatforms>38111</TargetedPlatforms>
    </PropertyGroup>
    <PropertyGroup Condition="'$(Base_Android64)'!=''">
        <Base_Android>true</Base_Android>
        <CfgParent>Base</CfgParent>
        <Base>true</Base>
        <EnabledSysJars>android-support-v4.dex.jar;cloud-messaging.dex.jar;com-google-android-gms.play-services-ads-base.17.2.0.dex.jar;com-google-android-gms.play-services-ads-identifier.16.0.0.dex.jar;com-google-android-gms.play-services-ads-lite.17.2.0.dex.jar;com-google-android-gms.play-services-ads.17.2.0.dex.jar;com-google-android-gms.play-services-analytics-impl.16.0.8.dex.jar;com-google-android-gms.play-services-analytics.16.0.8.dex.jar;com-google-android-gms.play-services-base.16.0.1.dex.jar;com-google-android-gms.play-services-basement.16.2.0.dex.jar;com-google-android-gms.play-services-gass.17.2.0.dex.jar;com-google-android-gms.play-services-identity.16.0.0.dex.jar;com-google-android-gms.play-services-maps.16.1.0.dex.jar;com-google-android-gms.play-services-measurement-base.16.4.0.dex.jar;com-google-android-gms.play-services-measurement-sdk-api.16.4.0.dex.jar;com-google-android-gms.play-services-stats.16.0.1.dex.jar;com-google-android-gms.play-services-tagmanager-v4-impl.16.0.8.dex.jar;com-google-android-gms.play-services-tasks.16.0.1.dex.jar;com-google-android-gms.play-services-wallet.16.0.1.dex.jar;com-google-firebase.firebase-analytics.16.4.0.dex.jar;com-google-firebase.firebase-common.16.1.0.dex.jar;com-google-firebase.firebase-iid-interop.16.0.1.dex.jar;com-google-firebase.firebase-iid.17.1.1.dex.jar;com-google-firebase.firebase-measurement-connector.17.0.1.dex.jar;com-google-firebase.firebase-messaging.17.5.0.dex.jar;fmx.dex.jar;google-play-billing.dex.jar;google-play-licensing.dex.jar</EnabledSysJars>
        <BT_BuildType>Debug</BT_BuildType>
        <VerInfo_IncludeVerInfo>false</VerInfo_IncludeVerInfo>
        <VerInfo_Keys>package=com.embarcadero.$(MSBuildProjectName);label=$(MSBuildProjectName);versionCode=1;versionName=1.0.0;persistent=False;restoreAnyVersion=False;installLocation=auto;largeHeap=False;theme=TitleBar;hardwareAccelerated=true;apiKey=</VerInfo_Keys>
    </PropertyGroup>
    <PropertyGroup Condition="'$(Base_OSX64)'!=''">
        <Base_OSX32>true</Base_OSX32>
        <CfgParent>Base</CfgParent>
        <Base>true</Base>
        <VerInfo_IncludeVerInfo>false</VerInfo_IncludeVerInfo>
        <VerInfo_Keys>CFBundleName=$(MSBuildProjectName);CFBundleDisplayName=$(MSBuildProjectName);CFBundleIdentifier=$(MSBuildProjectName);CFBundleVersion=1.0.0;CFBundlePackageType=APPL;CFBundleSignature=????;CFBundleAllowMixedLocalizations=YES;CFBundleExecutable=$(MSBuildProjectName);NSHighResolutionCapable=true;LSApplicationCategoryType=public.app-category.utilities;NSContactsUsageDescription=The reason for accessing the contacts;CFBundleShortVersionString=1.0.0;NSLocationUsageDescription=The reason for accessing the location information of the user</VerInfo_Keys>
    </PropertyGroup>
    <PropertyGroup Condition="'$(Config)'=='Base' or '$(Base)'!=''">
        <Base>true</Base>
    </PropertyGroup>
    <PropertyGroup Condition="('$(Platform)'=='Android' and '$(Base)'=='true') or '$(Base_Android)'!=''">
        <Base_Android>true</Base_Android>
        <CfgParent>Base</CfgParent>
        <Base>true</Base>
    </PropertyGroup>
    <PropertyGroup Condition="('$(Platform)'=='Android64' and '$(Base)'=='true') or '$(Base_Android64)'!=''">
        <Base_Android64>true</Base_Android64>
        <CfgParent>Base</CfgParent>
        <Base>true</Base>
    </PropertyGroup>
    <PropertyGroup Condition="('$(Platform)'=='OSX32' and '$(Base)'=='true') or '$(Base_OSX32)'!=''">
        <Base_OSX32>true</Base_OSX32>
        <CfgParent>Base</CfgParent>
        <Base>true</Base>
    </PropertyGroup>
    <PropertyGroup Condition="('$(Platform)'=='OSX64' and '$(Base)'=='true') or '$(Base_OSX64)'!=''">
        <Base_OSX64>true</Base_OSX64>
        <CfgParent>Base</CfgParent>
        <Base>true</Base>
    </PropertyGroup>
    <PropertyGroup Condition="('$(Platform)'=='Win32' and '$(Base)'=='true') or '$(Base_Win32)'!=''">
        <Base_Win32>true</Base_Win32>
        <CfgParent>Base</CfgParent>
        <Base>true</Base>
    </PropertyGroup>
    <PropertyGroup Condition="('$(Platform)'=='Win64' and '$(Base)'=='true') or '$(Base_Win64)'!=''">
        <Base_Win64>true</Base_Win64>
        <CfgParent>Base</CfgParent>
        <Base>true</Base>
    </PropertyGroup>
    <PropertyGroup Condition="('$(Platform)'=='iOSDevice32' and '$(Base)'=='true') or '$(Base_iOSDevice32)'!=''">
        <Base_iOSDevice32>true</Base_iOSDevice32>
        <CfgParent>Base</CfgParent>
        <Base>true</Base>
    </PropertyGroup>
    <PropertyGroup Condition="('$(Platform)'=='iOSDevice64' and '$(Base)'=='true') or '$(Base_iOSDevice64)'!=''">
        <Base_iOSDevice64>true</Base_iOSDevice64>
        <CfgParent>Base</CfgParent>
        <Base>true</Base>
    </PropertyGroup>
    <PropertyGroup Condition="('$(Platform)'=='iOSSimulator' and '$(Base)'=='true') or '$(Base_iOSSimulator)'!=''">
        <Base_iOSSimulator>true</Base_iOSSimulator>
        <CfgParent>Base</CfgParent>
        <Base>true</Base>
    </PropertyGroup>
    <PropertyGroup Condition="'$(Config)'=='Release' or '$(Cfg_1)'!=''">
        <Cfg_1>true</Cfg_1>
        <CfgParent>Base</CfgParent>
        <Base>true</Base>
    </PropertyGroup>
    <PropertyGroup Condition="('$(Platform)'=='OSX32' and '$(Cfg_1)'=='true') or '$(Cfg_1_OSX32)'!=''">
        <Cfg_1_OSX32>true</Cfg_1_OSX32>
        <CfgParent>Cfg_1</CfgParent>
        <Cfg_1>true</Cfg_1>
        <Base>true</Base>
    </PropertyGroup>
    <PropertyGroup Condition="('$(Platform)'=='OSX64' and '$(Cfg_1)'=='true') or '$(Cfg_1_OSX64)'!=''">
        <Cfg_1_OSX64>true</Cfg_1_OSX64>
        <CfgParent>Cfg_1</CfgParent>
        <Cfg_1>true</Cfg_1>
        <Base>true</Base>
    </PropertyGroup>
    <PropertyGroup Condition="('$(Platform)'=='Win32' and '$(Cfg_1)'=='true') or '$(Cfg_1_Win32)'!=''">
        <Cfg_1_Win32>true</Cfg_1_Win32>
        <CfgParent>Cfg_1</CfgParent>
        <Cfg_1>true</Cfg_1>
        <Base>true</Base>
    </PropertyGroup>
    <PropertyGroup Condition="'$(Config)'=='Debug' or '$(Cfg_2)'!=''">
        <Cfg_2>true</Cfg_2>
        <CfgParent>Base</CfgParent>
        <Base>true</Base>
    </PropertyGroup>
    <PropertyGroup Condition="('$(Platform)'=='Win32' and '$(Cfg_2)'=='true') or '$(Cfg_2_Win32)'!=''">
        <Cfg_2_Win32>true</Cfg_2_Win32>
        <CfgParent>Cfg_2</CfgParent>
        <Cfg_2>true</Cfg_2>
        <Base>true</Base>
    </PropertyGroup>
    <PropertyGroup Condition="'$(Base)'!=''">
        <SanitizedProjectName>AbbreviaD</SanitizedProjectName>
        <DCC_CBuilderOutput>All</DCC_CBuilderOutput>
        <DCC_DcuOutput>.\$(Platform)\$(Config)</DCC_DcuOutput>
        <DCC_DebugInformation>0</DCC_DebugInformation>
        <DCC_DependencyCheckOutputName>Abbrevia.bpl</DCC_DependencyCheckOutputName>
        <DCC_Description>TurboPack Abbrevia Runtime Delphi package</DCC_Description>
        <DCC_ImageBase>00400000</DCC_ImageBase>
        <DCC_LocalDebugSymbols>false</DCC_LocalDebugSymbols>
        <DCC_Namespace>System;Xml;Data;Datasnap;Web;Soap;System.Win;Winapi;$(DCC_Namespace)</DCC_Namespace>
        <DCC_OutputNeverBuildDcps>true</DCC_OutputNeverBuildDcps>
        <DCC_Platform>x86</DCC_Platform>
        <DCC_SymbolReferenceInfo>0</DCC_SymbolReferenceInfo>
        <DCC_UnitSearchPath>.\$(Platform)\$(Config);$(DCC_UnitSearchPath)</DCC_UnitSearchPath>
        <DCC_WriteableConstants>true</DCC_WriteableConstants>
        <DllSuffix>260</DllSuffix>
        <GenDll>true</GenDll>
        <GenPackage>true</GenPackage>
        <RuntimeOnlyPackage>true</RuntimeOnlyPackage>
        <SkipResGeneration>false</SkipResGeneration>
        <VerInfo_IncludeVerInfo>true</VerInfo_IncludeVerInfo>
        <VerInfo_Keys>CompanyName=;FileDescription=Abbrevia Components;FileVersion=5.0.0.0;InternalName=;LegalCopyright=Copyright (c) Abbrevia Group 2011;LegalTrademarks=;OriginalFilename=;ProductName=Abbrevia;ProductVersion=5.0;Comments=</VerInfo_Keys>
        <VerInfo_Locale>1033</VerInfo_Locale>
        <VerInfo_MajorVer>4</VerInfo_MajorVer>
    </PropertyGroup>
    <PropertyGroup Condition="'$(Base_Android)'!=''">
        <BT_BuildType>Debug</BT_BuildType>
        <EnabledSysJars>android-support-v4.dex.jar;cloud-messaging.dex.jar;com-google-android-gms.play-services-ads-base.17.2.0.dex.jar;com-google-android-gms.play-services-ads-identifier.16.0.0.dex.jar;com-google-android-gms.play-services-ads-lite.17.2.0.dex.jar;com-google-android-gms.play-services-ads.17.2.0.dex.jar;com-google-android-gms.play-services-analytics-impl.16.0.8.dex.jar;com-google-android-gms.play-services-analytics.16.0.8.dex.jar;com-google-android-gms.play-services-base.16.0.1.dex.jar;com-google-android-gms.play-services-basement.16.2.0.dex.jar;com-google-android-gms.play-services-gass.17.2.0.dex.jar;com-google-android-gms.play-services-identity.16.0.0.dex.jar;com-google-android-gms.play-services-maps.16.1.0.dex.jar;com-google-android-gms.play-services-measurement-base.16.4.0.dex.jar;com-google-android-gms.play-services-measurement-sdk-api.16.4.0.dex.jar;com-google-android-gms.play-services-stats.16.0.1.dex.jar;com-google-android-gms.play-services-tagmanager-v4-impl.16.0.8.dex.jar;com-google-android-gms.play-services-tasks.16.0.1.dex.jar;com-google-android-gms.play-services-wallet.16.0.1.dex.jar;com-google-firebase.firebase-analytics.16.4.0.dex.jar;com-google-firebase.firebase-common.16.1.0.dex.jar;com-google-firebase.firebase-iid-interop.16.0.1.dex.jar;com-google-firebase.firebase-iid.17.1.1.dex.jar;com-google-firebase.firebase-measurement-connector.17.0.1.dex.jar;com-google-firebase.firebase-messaging.17.5.0.dex.jar;fmx.dex.jar;google-play-billing.dex.jar;google-play-licensing.dex.jar</EnabledSysJars>
        <VerInfo_IncludeVerInfo>false</VerInfo_IncludeVerInfo>
        <VerInfo_Keys>package=com.embarcadero.$(MSBuildProjectName);label=$(MSBuildProjectName);versionCode=1;versionName=1.0.0;persistent=False;restoreAnyVersion=False;installLocation=auto;largeHeap=False;theme=TitleBar;hardwareAccelerated=true;apiKey=</VerInfo_Keys>
    </PropertyGroup>
    <PropertyGroup Condition="'$(Base_OSX32)'!=''">
        <Debugger_Launcher>/usr/X11/bin/xterm -e &quot;%debuggee%&quot;</Debugger_Launcher>
        <VerInfo_IncludeVerInfo>false</VerInfo_IncludeVerInfo>
        <VerInfo_Keys>CFBundleName=$(MSBuildProjectName);CFBundleDisplayName=$(MSBuildProjectName);CFBundleIdentifier=$(MSBuildProjectName);CFBundleVersion=1.0.0;CFBundlePackageType=APPL;CFBundleSignature=????;CFBundleAllowMixedLocalizations=YES;CFBundleExecutable=$(MSBuildProjectName);NSHighResolutionCapable=true;LSApplicationCategoryType=public.app-category.utilities;NSContactsUsageDescription=The reason for accessing the contacts;CFBundleShortVersionString=1.0.0;NSLocationUsageDescription=The reason for accessing the location information of the user</VerInfo_Keys>
    </PropertyGroup>
    <PropertyGroup Condition="'$(Base_Win32)'!=''">
        <DCC_Namespace>Data.Win;Datasnap.Win;Web.Win;Soap.Win;Xml.Win;Bde;$(DCC_Namespace)</DCC_Namespace>
        <Icon_MainIcon>AbbreviaD.ico</Icon_MainIcon>
        <VerInfo_Keys>CompanyName=;FileDescription=Abbrevia non-visual components;FileVersion=5.1.0.0;InternalName=;LegalCopyright=Copyright (c) Abbrevia Group;LegalTrademarks=;OriginalFilename=;ProductName=Abbrevia;ProductVersion=5.1;Comments=;ProgramID=com.embarcadero.$(MSBuildProjectName)</VerInfo_Keys>
        <VerInfo_MajorVer>5</VerInfo_MajorVer>
        <VerInfo_MinorVer>1</VerInfo_MinorVer>
    </PropertyGroup>
    <PropertyGroup Condition="'$(Base_Win64)'!=''">
        <DCC_Namespace>Data.Win;Datasnap.Win;Web.Win;Soap.Win;Xml.Win;Bde;$(DCC_Namespace)</DCC_Namespace>
        <Icon_MainIcon>AbbreviaD.ico</Icon_MainIcon>
        <VerInfo_Keys>CompanyName=;FileDescription=Abbrevia non-visual components;FileVersion=5.1.0.0;InternalName=;LegalCopyright=;LegalTrademarks=;OriginalFilename=;ProductName=Abbrevia;ProductVersion=5.1;Comments=;ProgramID=com.embarcadero.$(MSBuildProjectName)</VerInfo_Keys>
        <VerInfo_MajorVer>5</VerInfo_MajorVer>
        <VerInfo_MinorVer>1</VerInfo_MinorVer>
    </PropertyGroup>
    <PropertyGroup Condition="'$(Base_iOSDevice32)'!=''">
        <BT_BuildType>Debug</BT_BuildType>
        <VerInfo_BundleId>$(MSBuildProjectName)</VerInfo_BundleId>
        <VerInfo_Keys>CFBundleName=$(MSBuildProjectName);CFBundleDevelopmentRegion=en;CFBundleDisplayName=$(MSBuildProjectName);CFBundleIdentifier=$(MSBuildProjectName);CFBundleInfoDictionaryVersion=7.1;CFBundleVersion=1.0.0;CFBundleShortVersionString=1.0.0;CFBundlePackageType=APPL;CFBundleSignature=????;LSRequiresIPhoneOS=true;CFBundleAllowMixedLocalizations=YES;CFBundleExecutable=$(MSBuildProjectName);UIDeviceFamily=iPhone &amp; iPad;CFBundleResourceSpecification=ResourceRules.plist;NSLocationAlwaysUsageDescription=The reason for accessing the location information of the user;NSLocationWhenInUseUsageDescription=The reason for accessing the location information of the user;NSLocationAlwaysAndWhenInUseUsageDescription=The reason for accessing the location information of the user;FMLocalNotificationPermission=false;UIBackgroundModes=;NSContactsUsageDescription=The reason for accessing the contacts;NSPhotoLibraryUsageDescription=The reason for accessing the photo library;NSPhotoLibraryAddUsageDescription=The reason for adding to the photo library;NSCameraUsageDescription=The reason for accessing the camera;NSFaceIDUsageDescription=The reason for accessing the face id;NSMicrophoneUsageDescription=The reason for accessing the microphone;NSSiriUsageDescription=The reason for accessing Siri;ITSAppUsesNonExemptEncryption=false</VerInfo_Keys>
        <VerInfo_UIDeviceFamily>iPhoneAndiPad</VerInfo_UIDeviceFamily>
    </PropertyGroup>
    <PropertyGroup Condition="'$(Base_iOSDevice64)'!=''">
        <BT_BuildType>Debug</BT_BuildType>
        <VerInfo_BundleId>$(MSBuildProjectName)</VerInfo_BundleId>
        <VerInfo_Keys>CFBundleName=$(MSBuildProjectName);CFBundleDevelopmentRegion=en;CFBundleDisplayName=$(MSBuildProjectName);CFBundleIdentifier=$(MSBuildProjectName);CFBundleInfoDictionaryVersion=7.1;CFBundleVersion=1.0.0;CFBundleShortVersionString=1.0.0;CFBundlePackageType=APPL;CFBundleSignature=????;LSRequiresIPhoneOS=true;CFBundleAllowMixedLocalizations=YES;CFBundleExecutable=$(MSBuildProjectName);UIDeviceFamily=iPhone &amp; iPad;CFBundleResourceSpecification=ResourceRules.plist;NSLocationAlwaysUsageDescription=The reason for accessing the location information of the user;NSLocationWhenInUseUsageDescription=The reason for accessing the location information of the user;NSLocationAlwaysAndWhenInUseUsageDescription=The reason for accessing the location information of the user;FMLocalNotificationPermission=false;UIBackgroundModes=;NSContactsUsageDescription=The reason for accessing the contacts;NSPhotoLibraryUsageDescription=The reason for accessing the photo library;NSPhotoLibraryAddUsageDescription=The reason for adding to the photo library;NSCameraUsageDescription=The reason for accessing the camera;NSFaceIDUsageDescription=The reason for accessing the face id;NSMicrophoneUsageDescription=The reason for accessing the microphone;NSSiriUsageDescription=The reason for accessing Siri;ITSAppUsesNonExemptEncryption=false</VerInfo_Keys>
        <VerInfo_UIDeviceFamily>iPhoneAndiPad</VerInfo_UIDeviceFamily>
    </PropertyGroup>
    <PropertyGroup Condition="'$(Base_iOSSimulator)'!=''">
        <VerInfo_Keys>CFBundleName=$(MSBuildProjectName);CFBundleDevelopmentRegion=en;CFBundleDisplayName=$(MSBuildProjectName);CFBundleIdentifier=$(MSBuildProjectName);CFBundleInfoDictionaryVersion=7.1;CFBundleVersion=1.0.0;CFBundleShortVersionString=1.0.0;CFBundlePackageType=APPL;CFBundleSignature=????;LSRequiresIPhoneOS=true;CFBundleAllowMixedLocalizations=YES;CFBundleExecutable=$(MSBuildProjectName);UIDeviceFamily=iPhone &amp; iPad;CFBundleResourceSpecification=ResourceRules.plist;NSLocationAlwaysUsageDescription=The reason for accessing the location information of the user;NSLocationWhenInUseUsageDescription=The reason for accessing the location information of the user;NSLocationAlwaysAndWhenInUseUsageDescription=The reason for accessing the location information of the user;FMLocalNotificationPermission=false;UIBackgroundModes=;NSContactsUsageDescription=The reason for accessing the contacts;NSPhotoLibraryUsageDescription=The reason for accessing the photo library;NSPhotoLibraryAddUsageDescription=The reason for adding to the photo library;NSCameraUsageDescription=The reason for accessing the camera;NSFaceIDUsageDescription=The reason for accessing the face id;NSMicrophoneUsageDescription=The reason for accessing the microphone;NSSiriUsageDescription=The reason for accessing Siri;ITSAppUsesNonExemptEncryption=false</VerInfo_Keys>
        <VerInfo_UIDeviceFamily>iPhoneAndiPad</VerInfo_UIDeviceFamily>
    </PropertyGroup>
    <PropertyGroup Condition="'$(Cfg_1)'!=''">
        <DCC_Define>RELEASE;$(DCC_Define)</DCC_Define>
        <DCC_LocalDebugSymbols>false</DCC_LocalDebugSymbols>
        <DCC_SymbolReferenceInfo>0</DCC_SymbolReferenceInfo>
    </PropertyGroup>
    <PropertyGroup Condition="'$(Cfg_1_OSX32)'!=''">
        <BT_BuildType>Debug</BT_BuildType>
    </PropertyGroup>
    <PropertyGroup Condition="'$(Cfg_1_OSX64)'!=''">
        <BT_BuildType>Debug</BT_BuildType>
        <CfgParent>Cfg_1</CfgParent>
        <Cfg_1>true</Cfg_1>
        <Cfg_1_OSX32>true</Cfg_1_OSX32>
    </PropertyGroup>
    <PropertyGroup Condition="'$(Cfg_1_Win32)'!=''">
        <VerInfo_Keys>CompanyName=;FileDescription=Abbrevia non-visual components;FileVersion=5.1.0.0;InternalName=;LegalCopyright=Copyright (c) Abbrevia Group;LegalTrademarks=;OriginalFilename=;ProductName=Abbrevia;ProductVersion=5.1;Comments=;ProgramID=com.embarcadero.$(MSBuildProjectName)</VerInfo_Keys>
        <VerInfo_MajorVer>5</VerInfo_MajorVer>
        <VerInfo_MinorVer>1</VerInfo_MinorVer>
    </PropertyGroup>
    <PropertyGroup Condition="'$(Cfg_2)'!=''">
        <DCC_DebugInformation>0</DCC_DebugInformation>
        <DCC_Define>DEBUG;$(DCC_Define)</DCC_Define>
    </PropertyGroup>
    <PropertyGroup Condition="'$(Cfg_2_Win32)'!=''">
        <VerInfo_Keys>CompanyName=;FileVersion=1.0.0.0;InternalName=;LegalCopyright=;LegalTrademarks=;OriginalFilename=;ProductVersion=1.0.0.0;Comments=;ProgramID=com.embarcadero.$(MSBuildProjectName);FileDescription=$(MSBuildProjectName);ProductName=$(MSBuildProjectName)</VerInfo_Keys>
        <VerInfo_MajorVer>1</VerInfo_MajorVer>
    </PropertyGroup>
    <ItemGroup>
        <DelphiCompile Include="$(MainSource)">
            <MainSource>MainSource</MainSource>
        </DelphiCompile>
        <DCCReference Include="rtl.dcp"/>
        <DCCReference Include="..\..\..\source\AbArcTyp.pas"/>
        <DCCReference Include="..\..\..\source\AbBase.pas"/>
        <DCCReference Include="..\..\..\source\AbBitBkt.pas"/>
        <DCCReference Include="..\..\..\source\AbBrowse.pas"/>
        <DCCReference Include="..\..\..\source\AbBzip2.pas"/>
        <DCCReference Include="..\..\..\source\AbBzip2Typ.pas"/>
        <DCCReference Include="..\..\..\source\AbCabExt.pas"/>
        <DCCReference Include="..\..\..\source\AbCabKit.pas"/>
        <DCCReference Include="..\..\..\source\AbCabMak.pas"/>
        <DCCReference Include="..\..\..\source\AbCabTyp.pas"/>
        <DCCReference Include="..\..\..\source\AbCBrows.pas"/>
        <DCCReference Include="..\..\..\source\AbCharset.pas"/>
        <DCCReference Include="..\..\..\source\AbConst.pas"/>
        <DCCReference Include="..\..\..\source\AbCrtl.pas"/>
        <DCCReference Include="..\..\..\source\AbDfBase.pas"/>
        <DCCReference Include="..\..\..\source\AbDfCryS.pas"/>
        <DCCReference Include="..\..\..\source\AbDfDec.pas"/>
        <DCCReference Include="..\..\..\source\AbDfEnc.pas"/>
        <DCCReference Include="..\..\..\source\AbDfHufD.pas"/>
        <DCCReference Include="..\..\..\source\AbDfInW.pas"/>
        <DCCReference Include="..\..\..\source\AbDfOutW.pas"/>
        <DCCReference Include="..\..\..\source\AbDfPkMg.pas"/>
        <DCCReference Include="..\..\..\source\AbDfStrm.pas"/>
        <DCCReference Include="..\..\..\source\AbDfXlat.pas"/>
        <DCCReference Include="..\..\..\source\AbExcept.pas"/>
        <DCCReference Include="..\..\..\source\AbFciFdi.pas"/>
        <DCCReference Include="..\..\..\source\AbGzTyp.pas"/>
        <DCCReference Include="..\..\..\source\AbLzma.pas"/>
        <DCCReference Include="..\..\..\source\AbPPMd.pas"/>
        <DCCReference Include="..\..\..\source\AbResString.pas"/>
        <DCCReference Include="..\..\..\source\AbSelfEx.pas"/>
        <DCCReference Include="..\..\..\source\AbSpanSt.pas"/>
        <DCCReference Include="..\..\..\source\AbSWStm.pas"/>
        <DCCReference Include="..\..\..\source\AbTarTyp.pas"/>
        <DCCReference Include="..\..\..\source\AbUnzOutStm.pas"/>
        <DCCReference Include="..\..\..\source\AbUnzper.pas"/>
        <DCCReference Include="..\..\..\source\AbUnzPrc.pas"/>
        <DCCReference Include="..\..\..\source\AbUtils.pas"/>
        <DCCReference Include="..\..\..\source\AbVMStrm.pas"/>
        <DCCReference Include="..\..\..\source\AbWavPack.pas"/>
        <DCCReference Include="..\..\..\source\AbZBrows.pas"/>
        <DCCReference Include="..\..\..\source\AbZipExt.pas"/>
        <DCCReference Include="..\..\..\source\AbZipKit.pas"/>
        <DCCReference Include="..\..\..\source\AbZipper.pas"/>
        <DCCReference Include="..\..\..\source\AbZipPrc.pas"/>
        <DCCReference Include="..\..\..\source\AbZipTyp.pas"/>
        <DCCReference Include="..\..\..\source\AbZLTyp.pas"/>
        <DCCReference Include="..\..\..\source\AbLZMAStream.pas"/>
        <DCCReference Include="..\..\..\source\AbBytes.pas"/>
        <BuildConfiguration Include="Base">
            <Key>Base</Key>
        </BuildConfiguration>
        <BuildConfiguration Include="Release">
            <Key>Cfg_1</Key>
            <CfgParent>Base</CfgParent>
        </BuildConfiguration>
        <BuildConfiguration Include="Debug">
            <Key>Cfg_2</Key>
            <CfgParent>Base</CfgParent>
        </BuildConfiguration>
    </ItemGroup>
    <Import Condition="Exists('$(BDS)\Bin\CodeGear.Delphi.Targets')" Project="$(BDS)\Bin\CodeGear.Delphi.Targets"/>
    <ProjectExtensions>
        <Borland.Personality>Delphi.Personality.12</Borland.Personality>
        <Borland.ProjectType>Package</Borland.ProjectType>
        <BorlandProject>
            <Delphi.Personality>
                <Source>
                    <Source Name="MainSource">AbbreviaD.dpk</Source>
                </Source>
                <Excluded_Packages/>
                <VersionInfo>
                    <VersionInfo Name="IncludeVerInfo">True</VersionInfo>
                    <VersionInfo Name="AutoIncBuild">False</VersionInfo>
                    <VersionInfo Name="MajorVer">4</VersionInfo>
                    <VersionInfo Name="MinorVer">0</VersionInfo>
                    <VersionInfo Name="Release">0</VersionInfo>
                    <VersionInfo Name="Build">0</VersionInfo>
                    <VersionInfo Name="Debug">False</VersionInfo>
                    <VersionInfo Name="PreRelease">False</VersionInfo>
                    <VersionInfo Name="Special">False</VersionInfo>
                    <VersionInfo Name="Private">False</VersionInfo>
                    <VersionInfo Name="DLL">False</VersionInfo>
                    <VersionInfo Name="Locale">1033</VersionInfo>
                    <VersionInfo Name="CodePage">1252</VersionInfo>
                </VersionInfo>
                <VersionInfoKeys>
                    <VersionInfoKeys Name="CompanyName"/>
                    <VersionInfoKeys Name="FileDescription">Abbrevia Components</VersionInfoKeys>
                    <VersionInfoKeys Name="FileVersion">5.0.0.0</VersionInfoKeys>
                    <VersionInfoKeys Name="InternalName"/>
                    <VersionInfoKeys Name="LegalCopyright">Copyright (c) Abbrevia Group 2011</VersionInfoKeys>
                    <VersionInfoKeys Name="LegalTrademarks"/>
                    <VersionInfoKeys Name="OriginalFilename"/>
                    <VersionInfoKeys Name="ProductName">Abbrevia</VersionInfoKeys>
                    <VersionInfoKeys Name="ProductVersion">5.0</VersionInfoKeys>
                    <VersionInfoKeys Name="Comments"/>
                </VersionInfoKeys>
                <Parameters/>
            </Delphi.Personality>
            <Deployment Version="3">
                <DeployFile LocalName="$(BDS)\Redist\iossimulator\libcgunwind.1.0.dylib" Class="DependencyModule">
                    <Platform Name="iOSSimulator">
                        <Overwrite>true</Overwrite>
                    </Platform>
                </DeployFile>
                <DeployFile LocalName="$(BDS)\Redist\iossimulator\libpcre.dylib" Class="DependencyModule">
                    <Platform Name="iOSSimulator">
                        <Overwrite>true</Overwrite>
                    </Platform>
                </DeployFile>
                <DeployFile LocalName="$(BDS)\Redist\osx32\libcgsqlite3.dylib" Class="DependencyModule">
                    <Platform Name="OSX32">
                        <Overwrite>true</Overwrite>
                    </Platform>
                </DeployFile>
                <DeployFile LocalName="$(BDS)\Redist\osx32\libcgunwind.1.0.dylib" Class="DependencyModule">
                    <Platform Name="OSX32">
                        <Overwrite>true</Overwrite>
                    </Platform>
                </DeployFile>
                <DeployFile LocalName="C:\Users\Public\Documents\Embarcadero\Studio\15.0\Bpl\AbbreviaD.bpl" Configuration="Release" Class="ProjectOutput">
                    <Platform Name="Win32">
                        <RemoteName>AbbreviaD.bpl</RemoteName>
                        <Overwrite>true</Overwrite>
                    </Platform>
                </DeployFile>
                <DeployClass Name="AdditionalDebugSymbols">
                    <Platform Name="OSX32">
                        <Operation>1</Operation>
                    </Platform>
                    <Platform Name="Win32">
                        <Operation>0</Operation>
                    </Platform>
                </DeployClass>
                <DeployClass Name="AndroidClassesDexFile">
                    <Platform Name="Android">
                        <RemoteDir>classes</RemoteDir>
                        <Operation>1</Operation>
                    </Platform>
                    <Platform Name="Android64">
                        <RemoteDir>classes</RemoteDir>
                        <Operation>1</Operation>
                    </Platform>
                </DeployClass>
                <DeployClass Name="AndroidFileProvider">
                    <Platform Name="Android">
                        <RemoteDir>res\xml</RemoteDir>
                        <Operation>1</Operation>
                    </Platform>
                    <Platform Name="Android64">
                        <RemoteDir>res\xml</RemoteDir>
                        <Operation>1</Operation>
                    </Platform>
                </DeployClass>
                <DeployClass Name="AndroidGDBServer">
                    <Platform Name="Android">
                        <RemoteDir>library\lib\armeabi-v7a</RemoteDir>
                        <Operation>1</Operation>
                    </Platform>
                </DeployClass>
                <DeployClass Name="AndroidLibnativeArmeabiFile">
                    <Platform Name="Android">
                        <RemoteDir>library\lib\armeabi</RemoteDir>
                        <Operation>1</Operation>
                    </Platform>
                    <Platform Name="Android64">
                        <RemoteDir>library\lib\armeabi</RemoteDir>
                        <Operation>1</Operation>
                    </Platform>
                </DeployClass>
                <DeployClass Name="AndroidLibnativeArmeabiv7aFile">
                    <Platform Name="Android64">
                        <RemoteDir>library\lib\armeabi-v7a</RemoteDir>
                        <Operation>1</Operation>
                    </Platform>
                </DeployClass>
                <DeployClass Name="AndroidLibnativeMipsFile">
                    <Platform Name="Android">
                        <RemoteDir>library\lib\mips</RemoteDir>
                        <Operation>1</Operation>
                    </Platform>
                    <Platform Name="Android64">
                        <RemoteDir>library\lib\mips</RemoteDir>
                        <Operation>1</Operation>
                    </Platform>
                </DeployClass>
                <DeployClass Name="AndroidServiceOutput">
                    <Platform Name="Android">
                        <RemoteDir>library\lib\armeabi-v7a</RemoteDir>
                        <Operation>1</Operation>
                    </Platform>
                    <Platform Name="Android64">
                        <RemoteDir>library\lib\arm64-v8a</RemoteDir>
                        <Operation>1</Operation>
                    </Platform>
                </DeployClass>
                <DeployClass Name="AndroidServiceOutput_Android32">
                    <Platform Name="Android64">
                        <RemoteDir>library\lib\armeabi-v7a</RemoteDir>
                        <Operation>1</Operation>
                    </Platform>
                </DeployClass>
                <DeployClass Name="AndroidSplashImageDef">
                    <Platform Name="Android">
                        <RemoteDir>res\drawable</RemoteDir>
                        <Operation>1</Operation>
                    </Platform>
                    <Platform Name="Android64">
                        <RemoteDir>res\drawable</RemoteDir>
                        <Operation>1</Operation>
                    </Platform>
                </DeployClass>
                <DeployClass Name="AndroidSplashStyles">
                    <Platform Name="Android">
                        <RemoteDir>res\values</RemoteDir>
                        <Operation>1</Operation>
                    </Platform>
                    <Platform Name="Android64">
                        <RemoteDir>res\values</RemoteDir>
                        <Operation>1</Operation>
                    </Platform>
                </DeployClass>
                <DeployClass Name="AndroidSplashStylesV21">
                    <Platform Name="Android">
                        <RemoteDir>res\values-v21</RemoteDir>
                        <Operation>1</Operation>
                    </Platform>
                    <Platform Name="Android64">
                        <RemoteDir>res\values-v21</RemoteDir>
                        <Operation>1</Operation>
                    </Platform>
                </DeployClass>
                <DeployClass Name="Android_Colors">
                    <Platform Name="Android">
                        <RemoteDir>res\values</RemoteDir>
                        <Operation>1</Operation>
                    </Platform>
                    <Platform Name="Android64">
                        <RemoteDir>res\values</RemoteDir>
                        <Operation>1</Operation>
                    </Platform>
                </DeployClass>
                <DeployClass Name="Android_DefaultAppIcon">
                    <Platform Name="Android">
                        <RemoteDir>res\drawable</RemoteDir>
                        <Operation>1</Operation>
                    </Platform>
                    <Platform Name="Android64">
                        <RemoteDir>res\drawable</RemoteDir>
                        <Operation>1</Operation>
                    </Platform>
                </DeployClass>
                <DeployClass Name="Android_LauncherIcon144">
                    <Platform Name="Android">
                        <RemoteDir>res\drawable-xxhdpi</RemoteDir>
                        <Operation>1</Operation>
                    </Platform>
                    <Platform Name="Android64">
                        <RemoteDir>res\drawable-xxhdpi</RemoteDir>
                        <Operation>1</Operation>
                    </Platform>
                </DeployClass>
                <DeployClass Name="Android_LauncherIcon36">
                    <Platform Name="Android">
                        <RemoteDir>res\drawable-ldpi</RemoteDir>
                        <Operation>1</Operation>
                    </Platform>
                    <Platform Name="Android64">
                        <RemoteDir>res\drawable-ldpi</RemoteDir>
                        <Operation>1</Operation>
                    </Platform>
                </DeployClass>
                <DeployClass Name="Android_LauncherIcon48">
                    <Platform Name="Android">
                        <RemoteDir>res\drawable-mdpi</RemoteDir>
                        <Operation>1</Operation>
                    </Platform>
                    <Platform Name="Android64">
                        <RemoteDir>res\drawable-mdpi</RemoteDir>
                        <Operation>1</Operation>
                    </Platform>
                </DeployClass>
                <DeployClass Name="Android_LauncherIcon72">
                    <Platform Name="Android">
                        <RemoteDir>res\drawable-hdpi</RemoteDir>
                        <Operation>1</Operation>
                    </Platform>
                    <Platform Name="Android64">
                        <RemoteDir>res\drawable-hdpi</RemoteDir>
                        <Operation>1</Operation>
                    </Platform>
                </DeployClass>
                <DeployClass Name="Android_LauncherIcon96">
                    <Platform Name="Android">
                        <RemoteDir>res\drawable-xhdpi</RemoteDir>
                        <Operation>1</Operation>
                    </Platform>
                    <Platform Name="Android64">
                        <RemoteDir>res\drawable-xhdpi</RemoteDir>
                        <Operation>1</Operation>
                    </Platform>
                </DeployClass>
                <DeployClass Name="Android_NotificationIcon24">
                    <Platform Name="Android">
                        <RemoteDir>res\drawable-mdpi</RemoteDir>
                        <Operation>1</Operation>
                    </Platform>
                    <Platform Name="Android64">
                        <RemoteDir>res\drawable-mdpi</RemoteDir>
                        <Operation>1</Operation>
                    </Platform>
                </DeployClass>
                <DeployClass Name="Android_NotificationIcon36">
                    <Platform Name="Android">
                        <RemoteDir>res\drawable-hdpi</RemoteDir>
                        <Operation>1</Operation>
                    </Platform>
                    <Platform Name="Android64">
                        <RemoteDir>res\drawable-hdpi</RemoteDir>
                        <Operation>1</Operation>
                    </Platform>
                </DeployClass>
                <DeployClass Name="Android_NotificationIcon48">
                    <Platform Name="Android">
                        <RemoteDir>res\drawable-xhdpi</RemoteDir>
                        <Operation>1</Operation>
                    </Platform>
                    <Platform Name="Android64">
                        <RemoteDir>res\drawable-xhdpi</RemoteDir>
                        <Operation>1</Operation>
                    </Platform>
                </DeployClass>
                <DeployClass Name="Android_NotificationIcon72">
                    <Platform Name="Android">
                        <RemoteDir>res\drawable-xxhdpi</RemoteDir>
                        <Operation>1</Operation>
                    </Platform>
                    <Platform Name="Android64">
                        <RemoteDir>res\drawable-xxhdpi</RemoteDir>
                        <Operation>1</Operation>
                    </Platform>
                </DeployClass>
                <DeployClass Name="Android_NotificationIcon96">
                    <Platform Name="Android">
                        <RemoteDir>res\drawable-xxxhdpi</RemoteDir>
                        <Operation>1</Operation>
                    </Platform>
                    <Platform Name="Android64">
                        <RemoteDir>res\drawable-xxxhdpi</RemoteDir>
                        <Operation>1</Operation>
                    </Platform>
                </DeployClass>
                <DeployClass Name="Android_SplashImage426">
                    <Platform Name="Android">
                        <RemoteDir>res\drawable-small</RemoteDir>
                        <Operation>1</Operation>
                    </Platform>
                    <Platform Name="Android64">
                        <RemoteDir>res\drawable-small</RemoteDir>
                        <Operation>1</Operation>
                    </Platform>
                </DeployClass>
                <DeployClass Name="Android_SplashImage470">
                    <Platform Name="Android">
                        <RemoteDir>res\drawable-normal</RemoteDir>
                        <Operation>1</Operation>
                    </Platform>
                    <Platform Name="Android64">
                        <RemoteDir>res\drawable-normal</RemoteDir>
                        <Operation>1</Operation>
                    </Platform>
                </DeployClass>
                <DeployClass Name="Android_SplashImage640">
                    <Platform Name="Android">
                        <RemoteDir>res\drawable-large</RemoteDir>
                        <Operation>1</Operation>
                    </Platform>
                    <Platform Name="Android64">
                        <RemoteDir>res\drawable-large</RemoteDir>
                        <Operation>1</Operation>
                    </Platform>
                </DeployClass>
                <DeployClass Name="Android_SplashImage960">
                    <Platform Name="Android">
                        <RemoteDir>res\drawable-xlarge</RemoteDir>
                        <Operation>1</Operation>
                    </Platform>
                    <Platform Name="Android64">
                        <RemoteDir>res\drawable-xlarge</RemoteDir>
                        <Operation>1</Operation>
                    </Platform>
                </DeployClass>
                <DeployClass Name="Android_Strings">
                    <Platform Name="Android">
                        <RemoteDir>res\values</RemoteDir>
                        <Operation>1</Operation>
                    </Platform>
                    <Platform Name="Android64">
                        <RemoteDir>res\values</RemoteDir>
                        <Operation>1</Operation>
                    </Platform>
                </DeployClass>
                <DeployClass Name="DebugSymbols">
                    <Platform Name="iOSSimulator">
                        <Operation>1</Operation>
                    </Platform>
                    <Platform Name="OSX32">
                        <Operation>1</Operation>
                    </Platform>
                    <Platform Name="Win32">
                        <Operation>0</Operation>
                    </Platform>
                </DeployClass>
                <DeployClass Name="DependencyFramework">
                    <Platform Name="OSX32">
                        <Operation>1</Operation>
                        <Extensions>.framework</Extensions>
                    </Platform>
                    <Platform Name="OSX64">
                        <Operation>1</Operation>
                        <Extensions>.framework</Extensions>
                    </Platform>
                    <Platform Name="Win32">
                        <Operation>0</Operation>
                    </Platform>
                </DeployClass>
                <DeployClass Name="DependencyModule">
                    <Platform Name="OSX32">
                        <Operation>1</Operation>
                        <Extensions>.dylib</Extensions>
                    </Platform>
                    <Platform Name="OSX64">
                        <Operation>1</Operation>
                        <Extensions>.dylib</Extensions>
                    </Platform>
                    <Platform Name="Win32">
                        <Operation>0</Operation>
                        <Extensions>.dll;.bpl</Extensions>
                    </Platform>
                </DeployClass>
                <DeployClass Required="true" Name="DependencyPackage">
                    <Platform Name="iOSDevice32">
                        <Operation>1</Operation>
                        <Extensions>.dylib</Extensions>
                    </Platform>
                    <Platform Name="iOSDevice64">
                        <Operation>1</Operation>
                        <Extensions>.dylib</Extensions>
                    </Platform>
                    <Platform Name="iOSSimulator">
                        <Operation>1</Operation>
                        <Extensions>.dylib</Extensions>
                    </Platform>
                    <Platform Name="OSX32">
                        <Operation>1</Operation>
                        <Extensions>.dylib</Extensions>
                    </Platform>
                    <Platform Name="OSX64">
                        <Operation>1</Operation>
                        <Extensions>.dylib</Extensions>
                    </Platform>
                    <Platform Name="Win32">
                        <Operation>0</Operation>
                        <Extensions>.bpl</Extensions>
                    </Platform>
                </DeployClass>
                <DeployClass Name="File">
                    <Platform Name="Android">
                        <Operation>0</Operation>
                    </Platform>
                    <Platform Name="Android64">
                        <Operation>0</Operation>
                    </Platform>
                    <Platform Name="iOSDevice32">
                        <Operation>0</Operation>
                    </Platform>
                    <Platform Name="iOSDevice64">
                        <Operation>0</Operation>
                    </Platform>
                    <Platform Name="iOSSimulator">
                        <Operation>0</Operation>
                    </Platform>
                    <Platform Name="OSX32">
                        <Operation>0</Operation>
                    </Platform>
                    <Platform Name="OSX64">
                        <Operation>0</Operation>
                    </Platform>
                    <Platform Name="Win32">
                        <Operation>0</Operation>
                    </Platform>
                </DeployClass>
                <DeployClass Name="ProjectAndroidManifest">
                    <Platform Name="Android">
                        <Operation>1</Operation>
                    </Platform>
                    <Platform Name="Android64">
                        <Operation>1</Operation>
                    </Platform>
                </DeployClass>
                <DeployClass Name="ProjectOSXResource">
                    <Platform Name="OSX32">
                        <RemoteDir>Contents\Resources</RemoteDir>
                        <Operation>1</Operation>
                    </Platform>
                    <Platform Name="OSX64">
                        <RemoteDir>Contents\Resources</RemoteDir>
                        <Operation>1</Operation>
                    </Platform>
                </DeployClass>
                <DeployClass Required="true" Name="ProjectOutput">
                    <Platform Name="Android">
                        <RemoteDir>library\lib\armeabi-v7a</RemoteDir>
                        <Operation>1</Operation>
                    </Platform>
                    <Platform Name="Android64">
                        <RemoteDir>library\lib\arm64-v8a</RemoteDir>
                        <Operation>1</Operation>
                    </Platform>
                    <Platform Name="iOSDevice32">
                        <Operation>1</Operation>
                    </Platform>
                    <Platform Name="iOSDevice64">
                        <Operation>1</Operation>
                    </Platform>
                    <Platform Name="iOSSimulator">
                        <Operation>1</Operation>
                    </Platform>
                    <Platform Name="Linux64">
                        <Operation>1</Operation>
                    </Platform>
                    <Platform Name="OSX32">
                        <Operation>1</Operation>
                    </Platform>
                    <Platform Name="OSX64">
                        <Operation>1</Operation>
                    </Platform>
                    <Platform Name="Win32">
                        <Operation>0</Operation>
                    </Platform>
                </DeployClass>
                <DeployClass Name="ProjectOutput_Android32">
                    <Platform Name="Android64">
                        <RemoteDir>library\lib\armeabi-v7a</RemoteDir>
                        <Operation>1</Operation>
                    </Platform>
                </DeployClass>
                <DeployClass Name="ProjectUWPManifest">
                    <Platform Name="Win32">
                        <Operation>1</Operation>
                    </Platform>
                    <Platform Name="Win64">
                        <Operation>1</Operation>
                    </Platform>
                </DeployClass>
                <DeployClass Name="ProjectiOSDeviceDebug">
                    <Platform Name="iOSDevice32">
                        <RemoteDir>..\$(PROJECTNAME).app.dSYM\Contents\Resources\DWARF</RemoteDir>
                        <Operation>1</Operation>
                    </Platform>
                    <Platform Name="iOSDevice64">
                        <RemoteDir>..\$(PROJECTNAME).app.dSYM\Contents\Resources\DWARF</RemoteDir>
                        <Operation>1</Operation>
                    </Platform>
                </DeployClass>
                <DeployClass Name="ProjectiOSResource">
                    <Platform Name="iOSDevice32">
                        <Operation>1</Operation>
                    </Platform>
                    <Platform Name="iOSDevice64">
                        <Operation>1</Operation>
                    </Platform>
                    <Platform Name="iOSSimulator">
                        <Operation>1</Operation>
                    </Platform>
                </DeployClass>
                <DeployClass Name="UWP_DelphiLogo150">
                    <Platform Name="Win32">
                        <RemoteDir>Assets</RemoteDir>
                        <Operation>1</Operation>
                    </Platform>
                    <Platform Name="Win64">
                        <RemoteDir>Assets</RemoteDir>
                        <Operation>1</Operation>
                    </Platform>
                </DeployClass>
                <DeployClass Name="UWP_DelphiLogo44">
                    <Platform Name="Win32">
                        <RemoteDir>Assets</RemoteDir>
                        <Operation>1</Operation>
                    </Platform>
                    <Platform Name="Win64">
                        <RemoteDir>Assets</RemoteDir>
                        <Operation>1</Operation>
                    </Platform>
                </DeployClass>
                <DeployClass Name="iPad_Launch1024x768">
                    <Platform Name="iOSDevice32">
                        <Operation>1</Operation>
                    </Platform>
                    <Platform Name="iOSDevice64">
                        <Operation>1</Operation>
                    </Platform>
                    <Platform Name="iOSSimulator">
                        <Operation>1</Operation>
                    </Platform>
                </DeployClass>
                <DeployClass Name="iPad_Launch1536x2048">
                    <Platform Name="iOSDevice32">
                        <Operation>1</Operation>
                    </Platform>
                    <Platform Name="iOSDevice64">
                        <Operation>1</Operation>
                    </Platform>
                    <Platform Name="iOSSimulator">
                        <Operation>1</Operation>
                    </Platform>
                </DeployClass>
                <DeployClass Name="iPad_Launch1668">
                    <Platform Name="iOSDevice32">
                        <Operation>1</Operation>
                    </Platform>
                    <Platform Name="iOSDevice64">
                        <Operation>1</Operation>
                    </Platform>
                    <Platform Name="iOSSimulator">
                        <Operation>1</Operation>
                    </Platform>
                </DeployClass>
                <DeployClass Name="iPad_Launch1668x2388">
                    <Platform Name="iOSDevice32">
                        <Operation>1</Operation>
                    </Platform>
                    <Platform Name="iOSDevice64">
                        <Operation>1</Operation>
                    </Platform>
                    <Platform Name="iOSSimulator">
                        <Operation>1</Operation>
                    </Platform>
                </DeployClass>
                <DeployClass Name="iPad_Launch2048x1536">
                    <Platform Name="iOSDevice32">
                        <Operation>1</Operation>
                    </Platform>
                    <Platform Name="iOSDevice64">
                        <Operation>1</Operation>
                    </Platform>
                    <Platform Name="iOSSimulator">
                        <Operation>1</Operation>
                    </Platform>
                </DeployClass>
                <DeployClass Name="iPad_Launch2048x2732">
                    <Platform Name="iOSDevice32">
                        <Operation>1</Operation>
                    </Platform>
                    <Platform Name="iOSDevice64">
                        <Operation>1</Operation>
                    </Platform>
                    <Platform Name="iOSSimulator">
                        <Operation>1</Operation>
                    </Platform>
                </DeployClass>
                <DeployClass Name="iPad_Launch2224">
                    <Platform Name="iOSDevice32">
                        <Operation>1</Operation>
                    </Platform>
                    <Platform Name="iOSDevice64">
                        <Operation>1</Operation>
                    </Platform>
                    <Platform Name="iOSSimulator">
                        <Operation>1</Operation>
                    </Platform>
                </DeployClass>
                <DeployClass Name="iPad_Launch2388x1668">
                    <Platform Name="iOSDevice32">
                        <Operation>1</Operation>
                    </Platform>
                    <Platform Name="iOSDevice64">
                        <Operation>1</Operation>
                    </Platform>
                    <Platform Name="iOSSimulator">
                        <Operation>1</Operation>
                    </Platform>
                </DeployClass>
                <DeployClass Name="iPad_Launch2732x2048">
                    <Platform Name="iOSDevice32">
                        <Operation>1</Operation>
                    </Platform>
                    <Platform Name="iOSDevice64">
                        <Operation>1</Operation>
                    </Platform>
                    <Platform Name="iOSSimulator">
                        <Operation>1</Operation>
                    </Platform>
                </DeployClass>
                <DeployClass Name="iPad_Launch768x1024">
                    <Platform Name="iOSDevice32">
                        <Operation>1</Operation>
                    </Platform>
                    <Platform Name="iOSDevice64">
                        <Operation>1</Operation>
                    </Platform>
                    <Platform Name="iOSSimulator">
                        <Operation>1</Operation>
                    </Platform>
                </DeployClass>
                <DeployClass Name="iPhone_Launch1125">
                    <Platform Name="iOSDevice32">
                        <Operation>1</Operation>
                    </Platform>
                    <Platform Name="iOSDevice64">
                        <Operation>1</Operation>
                    </Platform>
                    <Platform Name="iOSSimulator">
                        <Operation>1</Operation>
                    </Platform>
                </DeployClass>
                <DeployClass Name="iPhone_Launch1136x640">
                    <Platform Name="iOSDevice32">
                        <Operation>1</Operation>
                    </Platform>
                    <Platform Name="iOSDevice64">
                        <Operation>1</Operation>
                    </Platform>
                    <Platform Name="iOSSimulator">
                        <Operation>1</Operation>
                    </Platform>
                </DeployClass>
                <DeployClass Name="iPhone_Launch1242">
                    <Platform Name="iOSDevice32">
                        <Operation>1</Operation>
                    </Platform>
                    <Platform Name="iOSDevice64">
                        <Operation>1</Operation>
                    </Platform>
                    <Platform Name="iOSSimulator">
                        <Operation>1</Operation>
                    </Platform>
                </DeployClass>
                <DeployClass Name="iPhone_Launch1242x2688">
                    <Platform Name="iOSDevice32">
                        <Operation>1</Operation>
                    </Platform>
                    <Platform Name="iOSDevice64">
                        <Operation>1</Operation>
                    </Platform>
                    <Platform Name="iOSSimulator">
                        <Operation>1</Operation>
                    </Platform>
                </DeployClass>
                <DeployClass Name="iPhone_Launch1334">
                    <Platform Name="iOSDevice32">
                        <Operation>1</Operation>
                    </Platform>
                    <Platform Name="iOSDevice64">
                        <Operation>1</Operation>
                    </Platform>
                    <Platform Name="iOSSimulator">
                        <Operation>1</Operation>
                    </Platform>
                </DeployClass>
                <DeployClass Name="iPhone_Launch1792">
                    <Platform Name="iOSDevice32">
                        <Operation>1</Operation>
                    </Platform>
                    <Platform Name="iOSDevice64">
                        <Operation>1</Operation>
                    </Platform>
                    <Platform Name="iOSSimulator">
                        <Operation>1</Operation>
                    </Platform>
                </DeployClass>
                <DeployClass Name="iPhone_Launch2208">
                    <Platform Name="iOSDevice32">
                        <Operation>1</Operation>
                    </Platform>
                    <Platform Name="iOSDevice64">
                        <Operation>1</Operation>
                    </Platform>
                    <Platform Name="iOSSimulator">
                        <Operation>1</Operation>
                    </Platform>
                </DeployClass>
                <DeployClass Name="iPhone_Launch2436">
                    <Platform Name="iOSDevice32">
                        <Operation>1</Operation>
                    </Platform>
                    <Platform Name="iOSDevice64">
                        <Operation>1</Operation>
                    </Platform>
                    <Platform Name="iOSSimulator">
                        <Operation>1</Operation>
                    </Platform>
                </DeployClass>
                <DeployClass Name="iPhone_Launch2688x1242">
                    <Platform Name="iOSDevice32">
                        <Operation>1</Operation>
                    </Platform>
                    <Platform Name="iOSDevice64">
                        <Operation>1</Operation>
                    </Platform>
                    <Platform Name="iOSSimulator">
                        <Operation>1</Operation>
                    </Platform>
                </DeployClass>
                <DeployClass Name="iPhone_Launch320">
                    <Platform Name="iOSDevice32">
                        <Operation>1</Operation>
                    </Platform>
                    <Platform Name="iOSDevice64">
                        <Operation>1</Operation>
                    </Platform>
                    <Platform Name="iOSSimulator">
                        <Operation>1</Operation>
                    </Platform>
                </DeployClass>
                <DeployClass Name="iPhone_Launch640">
                    <Platform Name="iOSDevice32">
                        <Operation>1</Operation>
                    </Platform>
                    <Platform Name="iOSDevice64">
                        <Operation>1</Operation>
                    </Platform>
                    <Platform Name="iOSSimulator">
                        <Operation>1</Operation>
                    </Platform>
                </DeployClass>
                <DeployClass Name="iPhone_Launch640x1136">
                    <Platform Name="iOSDevice32">
                        <Operation>1</Operation>
                    </Platform>
                    <Platform Name="iOSDevice64">
                        <Operation>1</Operation>
                    </Platform>
                    <Platform Name="iOSSimulator">
                        <Operation>1</Operation>
                    </Platform>
                </DeployClass>
                <DeployClass Name="iPhone_Launch750">
                    <Platform Name="iOSDevice32">
                        <Operation>1</Operation>
                    </Platform>
                    <Platform Name="iOSDevice64">
                        <Operation>1</Operation>
                    </Platform>
                    <Platform Name="iOSSimulator">
                        <Operation>1</Operation>
                    </Platform>
                </DeployClass>
                <DeployClass Name="iPhone_Launch828">
                    <Platform Name="iOSDevice32">
                        <Operation>1</Operation>
                    </Platform>
                    <Platform Name="iOSDevice64">
                        <Operation>1</Operation>
                    </Platform>
                    <Platform Name="iOSSimulator">
                        <Operation>1</Operation>
                    </Platform>
                </DeployClass>
                <ProjectRoot Platform="Android" Name="$(PROJECTNAME)"/>
                <ProjectRoot Platform="Android64" Name="$(PROJECTNAME)"/>
                <ProjectRoot Platform="Linux64" Name="$(PROJECTNAME)"/>
                <ProjectRoot Platform="OSX32" Name="$(PROJECTNAME)"/>
                <ProjectRoot Platform="OSX64" Name="$(PROJECTNAME)"/>
                <ProjectRoot Platform="Win32" Name="$(PROJECTNAME)"/>
                <ProjectRoot Platform="Win64" Name="$(PROJECTNAME)"/>
                <ProjectRoot Platform="iOSDevice32" Name="$(PROJECTNAME).app"/>
                <ProjectRoot Platform="iOSDevice64" Name="$(PROJECTNAME).app"/>
                <ProjectRoot Platform="iOSSimulator" Name="$(PROJECTNAME).app"/>
            </Deployment>
            <Platforms>
                <Platform value="Android">True</Platform>
                <Platform value="Android64">True</Platform>
                <Platform value="Linux64">True</Platform>
                <Platform value="OSX32">True</Platform>
                <Platform value="OSX64">True</Platform>
                <Platform value="Win32">True</Platform>
                <Platform value="Win64">True</Platform>
                <Platform value="iOSDevice32">True</Platform>
                <Platform value="iOSDevice64">True</Platform>
                <Platform value="iOSSimulator">True</Platform>
            </Platforms>
        </BorlandProject>
        <ProjectFileVersion>12</ProjectFileVersion>
    </ProjectExtensions>
    <Import Condition="Exists('$(APPDATA)\Embarcadero\$(BDSAPPDATABASEDIR)\$(PRODUCTVERSION)\UserTools.proj')" Project="$(APPDATA)\Embarcadero\$(BDSAPPDATABASEDIR)\$(PRODUCTVERSION)\UserTools.proj"/>
    <Import Project="$(MSBuildProjectName).deployproj" Condition="Exists('$(MSBuildProjectName).deployproj')"/>
</Project>
